<?xml version="1.0" encoding="utf-8"?>
<Project ToolsVersion="4.0" xmlns="http://schemas.microsoft.com/developer/msbuild/2003">
  <ItemGroup>
    <Filter Include="BRDFs">
      <UniqueIdentifier>{61bc24c5-bc1e-466f-a065-31faf057aff8}</UniqueIdentifier>
    </Filter>
    <Filter Include="BTDFs">
      <UniqueIdentifier>{2f23a9eb-d148-4c66-87fb-edacf536f217}</UniqueIdentifier>
    </Filter>
    <Filter Include="Cameras">
      <UniqueIdentifier>{5d5de207-9c73-4947-b79f-c2eb888d8636}</UniqueIdentifier>
    </Filter>
    <Filter Include="Geometric Objects">
      <UniqueIdentifier>{5499380b-b626-41a5-8e79-5ec18be32aab}</UniqueIdentifier>
    </Filter>
    <Filter Include="Lights">
      <UniqueIdentifier>{fbbbee46-de98-463d-8965-7822eeeca7a9}</UniqueIdentifier>
    </Filter>
    <Filter Include="Mappings">
      <UniqueIdentifier>{b0a2823b-4494-4e6c-9bd0-761f07f1e0ac}</UniqueIdentifier>
    </Filter>
    <Filter Include="Materials">
      <UniqueIdentifier>{790af522-f102-4335-a947-45aa3d224a68}</UniqueIdentifier>
    </Filter>
    <Filter Include="Noises">
      <UniqueIdentifier>{2bc95e45-53d4-4372-9a50-1e956aa2b253}</UniqueIdentifier>
    </Filter>
    <Filter Include="Samplers">
      <UniqueIdentifier>{38742cd3-f956-491f-8461-44aefb9b9b51}</UniqueIdentifier>
    </Filter>
    <Filter Include="Textures">
      <UniqueIdentifier>{7ac4b966-73fe-46db-bdd1-79c32285362e}</UniqueIdentifier>
    </Filter>
    <Filter Include="Tracers">
      <UniqueIdentifier>{5f481918-30b3-485e-ac5d-2a647608124d}</UniqueIdentifier>
    </Filter>
    <Filter Include="User Interface">
      <UniqueIdentifier>{bcf57f94-6b1c-4d39-924d-9e29599fa1d2}</UniqueIdentifier>
    </Filter>
    <Filter Include="Utilities">
      <UniqueIdentifier>{a6c3c8c1-c529-42bd-a944-67ee494aa333}</UniqueIdentifier>
    </Filter>
    <Filter Include="World">
      <UniqueIdentifier>{11fd0104-ce63-4804-a1c6-8409ad4e36d1}</UniqueIdentifier>
    </Filter>
  </ItemGroup>
  <ItemGroup>
    <ClCompile Include="raytracer\BRDFs\BRDF.cpp">
      <Filter>BRDFs</Filter>
    </ClCompile>
    <ClCompile Include="raytracer\BRDFs\Lambertian.cpp">
      <Filter>BRDFs</Filter>
    </ClCompile>
    <ClCompile Include="raytracer\Cameras\Camera.cpp">
      <Filter>Cameras</Filter>
    </ClCompile>
    <ClCompile Include="raytracer\Cameras\Pinhole.cpp">
      <Filter>Cameras</Filter>
    </ClCompile>
    <ClCompile Include="raytracer\GeometricObjects\GeometricObject.cpp">
      <Filter>Geometric Objects</Filter>
    </ClCompile>
    <ClCompile Include="raytracer\GeometricObjects\Plane.cpp">
      <Filter>Geometric Objects</Filter>
    </ClCompile>
    <ClCompile Include="raytracer\GeometricObjects\Sphere.cpp">
      <Filter>Geometric Objects</Filter>
    </ClCompile>
    <ClCompile Include="raytracer\Lights\Ambient.cpp">
      <Filter>Lights</Filter>
    </ClCompile>
    <ClCompile Include="raytracer\Lights\Directional.cpp">
      <Filter>Lights</Filter>
    </ClCompile>
    <ClCompile Include="raytracer\Lights\Light.cpp">
      <Filter>Lights</Filter>
    </ClCompile>
    <ClCompile Include="raytracer\Materials\Material.cpp">
      <Filter>Materials</Filter>
    </ClCompile>
    <ClCompile Include="raytracer\Materials\Matte.cpp">
      <Filter>Materials</Filter>
    </ClCompile>
    <ClCompile Include="raytracer\Tracers\MultipleObjects.cpp">
      <Filter>Tracers</Filter>
    </ClCompile>
    <ClCompile Include="raytracer\Tracers\RayCast.cpp">
      <Filter>Tracers</Filter>
    </ClCompile>
    <ClCompile Include="raytracer\Tracers\SingleSphere.cpp">
      <Filter>Tracers</Filter>
    </ClCompile>
    <ClCompile Include="raytracer\Tracers\Tracer.cpp">
      <Filter>Tracers</Filter>
    </ClCompile>
    <ClCompile Include="raytracer\UserInterface\wxraytracer.cpp">
      <Filter>User Interface</Filter>
    </ClCompile>
    <ClCompile Include="raytracer\Utilities\Matrix.cpp">
      <Filter>Utilities</Filter>
    </ClCompile>
    <ClCompile Include="raytracer\Utilities\Normal.cpp">
      <Filter>Utilities</Filter>
    </ClCompile>
    <ClCompile Include="raytracer\Utilities\Point2D.cpp">
      <Filter>Utilities</Filter>
    </ClCompile>
    <ClCompile Include="raytracer\Utilities\Point3D.cpp">
      <Filter>Utilities</Filter>
    </ClCompile>
    <ClCompile Include="raytracer\Utilities\Ray.cpp">
      <Filter>Utilities</Filter>
    </ClCompile>
    <ClCompile Include="raytracer\Utilities\RGBColor.cpp">
      <Filter>Utilities</Filter>
    </ClCompile>
    <ClCompile Include="raytracer\Utilities\ShadeRec.cpp">
      <Filter>Utilities</Filter>
    </ClCompile>
    <ClCompile Include="raytracer\Utilities\Vector3D.cpp">
      <Filter>Utilities</Filter>
    </ClCompile>
    <ClCompile Include="raytracer\World\ViewPlane.cpp">
      <Filter>World</Filter>
    </ClCompile>
    <ClCompile Include="raytracer\World\World.cpp">
      <Filter>World</Filter>
    </ClCompile>
  </ItemGroup>
  <ItemGroup>
    <ClInclude Include="raytracer\BRDFs\BRDF.h">
      <Filter>BRDFs</Filter>
    </ClInclude>
    <ClInclude Include="raytracer\BRDFs\Lambertian.h">
      <Filter>BRDFs</Filter>
    </ClInclude>
    <ClInclude Include="raytracer\Cameras\Camera.h">
      <Filter>Cameras</Filter>
    </ClInclude>
    <ClInclude Include="raytracer\Cameras\Pinhole.h">
      <Filter>Cameras</Filter>
    </ClInclude>
    <ClInclude Include="raytracer\GeometricObjects\GeometricObject.h">
      <Filter>Geometric Objects</Filter>
    </ClInclude>
    <ClInclude Include="raytracer\GeometricObjects\Plane.h">
      <Filter>Geometric Objects</Filter>
    </ClInclude>
    <ClInclude Include="raytracer\GeometricObjects\Sphere.h">
      <Filter>Geometric Objects</Filter>
    </ClInclude>
    <ClInclude Include="raytracer\Lights\Ambient.h">
      <Filter>Lights</Filter>
    </ClInclude>
    <ClInclude Include="raytracer\Lights\Directional.h">
      <Filter>Lights</Filter>
    </ClInclude>
    <ClInclude Include="raytracer\Lights\Light.h">
      <Filter>Lights</Filter>
    </ClInclude>
    <ClInclude Include="raytracer\Materials\Material.h">
      <Filter>Materials</Filter>
    </ClInclude>
    <ClInclude Include="raytracer\Materials\Matte.h">
      <Filter>Materials</Filter>
    </ClInclude>
    <ClInclude Include="raytracer\Tracers\MultipleObjects.h">
      <Filter>Tracers</Filter>
    </ClInclude>
    <ClInclude Include="raytracer\Tracers\RayCast.h">
      <Filter>Tracers</Filter>
    </ClInclude>
    <ClInclude Include="raytracer\Tracers\SingleSphere.h">
      <Filter>Tracers</Filter>
    </ClInclude>
    <ClInclude Include="raytracer\Tracers\Tracer.h">
      <Filter>Tracers</Filter>
    </ClInclude>
    <ClInclude Include="raytracer\UserInterface\wxraytracer.h">
      <Filter>User Interface</Filter>
    </ClInclude>
    <ClInclude Include="raytracer\Utilities\Constants.h">
      <Filter>Utilities</Filter>
    </ClInclude>
    <ClInclude Include="raytracer\Utilities\Maths.h">
      <Filter>Utilities</Filter>
    </ClInclude>
    <ClInclude Include="raytracer\Utilities\Matrix.h">
      <Filter>Utilities</Filter>
    </ClInclude>
    <ClInclude Include="raytracer\Utilities\Normal.h">
      <Filter>Utilities</Filter>
    </ClInclude>
    <ClInclude Include="raytracer\Utilities\Point2D.h">
      <Filter>Utilities</Filter>
    </ClInclude>
    <ClInclude Include="raytracer\Utilities\Point3D.h">
      <Filter>Utilities</Filter>
    </ClInclude>
    <ClInclude Include="raytracer\Utilities\Ray.h">
      <Filter>Utilities</Filter>
    </ClInclude>
    <ClInclude Include="raytracer\Utilities\RGBColor.h">
      <Filter>Utilities</Filter>
    </ClInclude>
    <ClInclude Include="raytracer\Utilities\ShadeRec.h">
      <Filter>Utilities</Filter>
    </ClInclude>
    <ClInclude Include="raytracer\Utilities\Vector3D.h">
      <Filter>Utilities</Filter>
    </ClInclude>
    <ClInclude Include="raytracer\World\ViewPlane.h">
      <Filter>World</Filter>
    </ClInclude>
    <ClInclude Include="raytracer\World\World.h">
      <Filter>World</Filter>
    </ClInclude>
  </ItemGroup>
  <ItemGroup>
    <None Include="ClassDiagram1.cd" />
  </ItemGroup>
</Project>